lockfileVersion: '9.0'

settings:
  autoInstallPeers: true
  excludeLinksFromLockfile: false

importers:

  .:
    dependencies:
      '@tiptap/core':
        specifier: ^3.22.4
        version: 3.22.4(@tiptap/pm@3.22.4)
      '@tiptap/extension-color':
        specifier: ^3.22.4
        version: 3.22.4(@tiptap/extension-text-style@3.22.4(@tiptap/core@3.22.4(@tiptap/pm@3.22.4)))
      '@tiptap/extension-image':
        specifier: ^3.22.4
        version: 3.22.4(@tiptap/core@3.22.4(@tiptap/pm@3.22.4))
      '@tiptap/extension-link':
        specifier: ^3.22.4
        version: 3.22.4(@tiptap/core@3.22.4(@tiptap/pm@3.22.4))(@tiptap/pm@3.22.4)
      '@tiptap/extension-paragraph':
        specifier: ^3.22.4
        version: 3.22.4(@tiptap/core@3.22.4(@tiptap/pm@3.22.4))
      '@tiptap/extension-table':
        specifier: ^3.22.4
        version: 3.22.4(@tiptap/core@3.22.4(@tiptap/pm@3.22.4))(@tiptap/pm@3.22.4)
      '@tiptap/extension-table-cell':
        specifier: ^3.22.4
        version: 3.22.4(@tiptap/extension-table@3.22.4(@tiptap/core@3.22.4(@tiptap/pm@3.22.4))(@tiptap/pm@3.22.4))
      '@tiptap/extension-table-header':
        specifier: ^3.22.4
        version: 3.22.4(@tiptap/extension-table@3.22.4(@tiptap/core@3.22.4(@tiptap/pm@3.22.4))(@tiptap/pm@3.22.4))
      '@tiptap/extension-table-row':
        specifier: ^3.22.4
        version: 3.22.4(@tiptap/extension-table@3.22.4(@tiptap/core@3.22.4(@tiptap/pm@3.22.4))(@tiptap/pm@3.22.4))
      '@tiptap/extension-text-style':
        specifier: ^3.22.4
        version: 3.22.4(@tiptap/core@3.22.4(@tiptap/pm@3.22.4))
      '@tiptap/extension-underline':
        specifier: ^3.22.4
        version: 3.22.4(@tiptap/core@3.22.4(@tiptap/pm@3.22.4))
      '@tiptap/pm':
        specifier: ^3.22.4
        version: 3.22.4
      '@tiptap/starter-kit':
        specifier: ^3.22.4
        version: 3.22.4
      '@tiptap/vue-3':
        specifier: ^3.22.4
        version: 3.22.4(@floating-ui/dom@1.7.6)(@tiptap/core@3.22.4(@tiptap/pm@3.22.4))(@tiptap/pm@3.22.4)(vue@3.5.32)
      highlight.js:
        specifier: ^11.11.1
        version: 11.11.1
      vue:
        specifier: ^3.5.32
        version: 3.5.32
    devDependencies:
      '@vitejs/plugin-vue':
        specifier: ^6.0.6
        version: 6.0.6(vite@8.0.8)(vue@3.5.32)
      vite:
        specifier: ^8.0.8
        version: 8.0.8

packages:

  '@babel/helper-string-parser@7.27.1':
    resolution: {integrity: sha512-qMlSxKbpRlAridDExk92nSobyDdpPijUq2DW6oDnUqd0iOGxmQjyqhMIihI9+zv4LPyZdRje2cavWPbCbWm3eA==}
    engines: {node: '>=6.9.0'}

  '@babel/helper-validator-identifier@7.28.5':
    resolution: {integrity: sha512-qSs4ifwzKJSV39ucNjsvc6WVHs6b7S03sOh2OcHF9UHfVPqWWALUsNUVzhSBiItjRZoLHx7nIarVjqKVusUZ1Q==}
    engines: {node: '>=6.9.0'}

  '@babel/parser@7.29.2':
    resolution: {integrity: sha512-4GgRzy/+fsBa72/RZVJmGKPmZu9Byn8o4MoLpmNe1m8ZfYnz5emHLQz3U4gLud6Zwl0RZIcgiLD7Uq7ySFuDLA==}
    engines: {node: '>=6.0.0'}
    hasBin: true

  '@babel/types@7.29.0':
    resolution: {integrity: sha512-LwdZHpScM4Qz8Xw2iKSzS+cfglZzJGvofQICy7W7v4caru4EaAmyUuO6BGrbyQ2mYV11W0U8j5mBhd14dd3B0A==}
    engines: {node: '>=6.9.0'}

  '@emnapi/core@1.9.2':
    resolution: {integrity: sha512-UC+ZhH3XtczQYfOlu3lNEkdW/p4dsJ1r/bP7H8+rhao3TTTMO1ATq/4DdIi23XuGoFY+Cz0JmCbdVl0hz9jZcA==}

  '@emnapi/runtime@1.9.2':
    resolution: {integrity: sha512-3U4+MIWHImeyu1wnmVygh5WlgfYDtyf0k8AbLhMFxOipihf6nrWC4syIm/SwEeec0mNSafiiNnMJwbza/Is6Lw==}

  '@emnapi/wasi-threads@1.2.1':
    resolution: {integrity: sha512-uTII7OYF+/Mes/MrcIOYp5yOtSMLBWSIoLPpcgwipoiKbli6k322tcoFsxoIIxPDqW01SQGAgko4EzZi2BNv2w==}

  '@floating-ui/core@1.7.5':
    resolution: {integrity: sha512-1Ih4WTWyw0+lKyFMcBHGbb5U5FtuHJuujoyyr5zTaWS5EYMeT6Jb2AuDeftsCsEuchO+mM2ij5+q9crhydzLhQ==}

  '@floating-ui/dom@1.7.6':
    resolution: {integrity: sha512-9gZSAI5XM36880PPMm//9dfiEngYoC6Am2izES1FF406YFsjvyBMmeJ2g4SAju3xWwtuynNRFL2s9hgxpLI5SQ==}

  '@floating-ui/utils@0.2.11':
    resolution: {integrity: sha512-RiB/yIh78pcIxl6lLMG0CgBXAZ2Y0eVHqMPYugu+9U0AeT6YBeiJpf7lbdJNIugFP5SIjwNRgo4DhR1Qxi26Gg==}

  '@jridgewell/sourcemap-codec@1.5.5':
    resolution: {integrity: sha512-cYQ9310grqxueWbl+WuIUIaiUaDcj7WOq5fVhEljNVgRfOUhY9fy2zTvfoqWsnebh8Sl70VScFbICvJnLKB0Og==}

  '@napi-rs/wasm-runtime@1.1.4':
    resolution: {integrity: sha512-3NQNNgA1YSlJb/kMH1ildASP9HW7/7kYnRI2szWJaofaS1hWmbGI4H+d3+22aGzXXN9IJ+n+GiFVcGipJP18ow==}
    peerDependencies:
      '@emnapi/core': ^1.7.1
      '@emnapi/runtime': ^1.7.1

  '@oxc-project/types@0.124.0':
    resolution: {integrity: sha512-VBFWMTBvHxS11Z5Lvlr3IWgrwhMTXV+Md+EQF0Xf60+wAdsGFTBx7X7K/hP4pi8N7dcm1RvcHwDxZ16Qx8keUg==}

  '@rolldown/binding-android-arm64@1.0.0-rc.15':
    resolution: {integrity: sha512-YYe6aWruPZDtHNpwu7+qAHEMbQ/yRl6atqb/AhznLTnD3UY99Q1jE7ihLSahNWkF4EqRPVC4SiR4O0UkLK02tA==}
    engines: {node: ^20.19.0 || >=22.12.0}
    cpu: [arm64]
    os: [android]

  '@rolldown/binding-darwin-arm64@1.0.0-rc.15':
    resolution: {integrity: sha512-oArR/ig8wNTPYsXL+Mzhs0oxhxfuHRfG7Ikw7jXsw8mYOtk71W0OkF2VEVh699pdmzjPQsTjlD1JIOoHkLP1Fg==}
    engines: {node: ^20.19.0 || >=22.12.0}
    cpu: [arm64]
    os: [darwin]

  '@rolldown/binding-darwin-x64@1.0.0-rc.15':
    resolution: {integrity: sha512-YzeVqOqjPYvUbJSWJ4EDL8ahbmsIXQpgL3JVipmN+MX0XnXMeWomLN3Fb+nwCmP/jfyqte5I3XRSm7OfQrbyxw==}
    engines: {node: ^20.19.0 || >=22.12.0}
    cpu: [x64]
    os: [darwin]

  '@rolldown/binding-freebsd-x64@1.0.0-rc.15':
    resolution: {integrity: sha512-9Erhx956jeQ0nNTyif1+QWAXDRD38ZNjr//bSHrt6wDwB+QkAfl2q6Mn1k6OBPerznjRmbM10lgRb1Pli4xZPw==}
    engines: {node: ^20.19.0 || >=22.12.0}
    cpu: [x64]
    os: [freebsd]

  '@rolldown/binding-linux-arm-gnueabihf@1.0.0-rc.15':
    resolution: {integrity: sha512-cVwk0w8QbZJGTnP/AHQBs5yNwmpgGYStL88t4UIaqcvYJWBfS0s3oqVLZPwsPU6M0zlW4GqjP0Zq5MnAGwFeGA==}
    engines: {node: ^20.19.0 || >=22.12.0}
    cpu: [arm]
    os: [linux]

  '@rolldown/binding-linux-arm64-gnu@1.0.0-rc.15':
    resolution: {integrity: sha512-eBZ/u8iAK9SoHGanqe/jrPnY0JvBN6iXbVOsbO38mbz+ZJsaobExAm1Iu+rxa4S1l2FjG0qEZn4Rc6X8n+9M+w==}
    engines: {node: ^20.19.0 || >=22.12.0}
    cpu: [arm64]
    os: [linux]
    libc: [glibc]

  '@rolldown/binding-linux-arm64-musl@1.0.0-rc.15':
    resolution: {integrity: sha512-ZvRYMGrAklV9PEkgt4LQM6MjQX2P58HPAuecwYObY2DhS2t35R0I810bKi0wmaYORt6m/2Sm+Z+nFgb0WhXNcQ==}
    engines: {node: ^20.19.0 || >=22.12.0}
    cpu: [arm64]
    os: [linux]
    libc: [musl]

  '@rolldown/binding-linux-ppc64-gnu@1.0.0-rc.15':
    resolution: {integrity: sha512-VDpgGBzgfg5hLg+uBpCLoFG5kVvEyafmfxGUV0UHLcL5irxAK7PKNeC2MwClgk6ZAiNhmo9FLhRYgvMmedLtnQ==}
    engines: {node: ^20.19.0 || >=22.12.0}
    cpu: [ppc64]
    os: [linux]
    libc: [glibc]

  '@rolldown/binding-linux-s390x-gnu@1.0.0-rc.15':
    resolution: {integrity: sha512-y1uXY3qQWCzcPgRJATPSOUP4tCemh4uBdY7e3EZbVwCJTY3gLJWnQABgeUetvED+bt1FQ01OeZwvhLS2bpNrAQ==}
    engines: {node: ^20.19.0 || >=22.12.0}
    cpu: [s390x]
    os: [linux]
    libc: [glibc]

  '@rolldown/binding-linux-x64-gnu@1.0.0-rc.15':
    resolution: {integrity: sha512-023bTPBod7J3Y/4fzAN6QtpkSABR0rigtrwaP+qSEabUh5zf6ELr9Nc7GujaROuPY3uwdSIXWrvhn1KxOvurWA==}
    engines: {node: ^20.19.0 || >=22.12.0}
    cpu: [x64]
    os: [linux]
    libc: [glibc]

  '@rolldown/binding-linux-x64-musl@1.0.0-rc.15':
    resolution: {integrity: sha512-witB2O0/hU4CgfOOKUoeFgQ4GktPi1eEbAhaLAIpgD6+ZnhcPkUtPsoKKHRzmOoWPZue46IThdSgdo4XneOLYw==}
    engines: {node: ^20.19.0 || >=22.12.0}
    cpu: [x64]
    os: [linux]
    libc: [musl]

  '@rolldown/binding-openharmony-arm64@1.0.0-rc.15':
    resolution: {integrity: sha512-UCL68NJ0Ud5zRipXZE9dF5PmirzJE4E4BCIOOssEnM7wLDsxjc6Qb0sGDxTNRTP53I6MZpygyCpY8Aa8sPfKPg==}
    engines: {node: ^20.19.0 || >=22.12.0}
    cpu: [arm64]
    os: [openharmony]

  '@rolldown/binding-wasm32-wasi@1.0.0-rc.15':
    resolution: {integrity: sha512-ApLruZq/ig+nhaE7OJm4lDjayUnOHVUa77zGeqnqZ9pn0ovdVbbNPerVibLXDmWeUZXjIYIT8V3xkT58Rm9u5Q==}
    engines: {node: '>=14.0.0'}
    cpu: [wasm32]

  '@rolldown/binding-win32-arm64-msvc@1.0.0-rc.15':
    resolution: {integrity: sha512-KmoUoU7HnN+Si5YWJigfTws1jz1bKBYDQKdbLspz0UaqjjFkddHsqorgiW1mxcAj88lYUE6NC/zJNwT+SloqtA==}
    engines: {node: ^20.19.0 || >=22.12.0}
    cpu: [arm64]
    os: [win32]

  '@rolldown/binding-win32-x64-msvc@1.0.0-rc.15':
    resolution: {integrity: sha512-3P2A8L+x75qavWLe/Dll3EYBJLQmtkJN8rfh+U/eR3MqMgL/h98PhYI+JFfXuDPgPeCB7iZAKiqii5vqOvnA0g==}
    engines: {node: ^20.19.0 || >=22.12.0}
    cpu: [x64]
    os: [win32]

  '@rolldown/pluginutils@1.0.0-rc.13':
    resolution: {integrity: sha512-3ngTAv6F/Py35BsYbeeLeecvhMKdsKm4AoOETVhAA+Qc8nrA2I0kF7oa93mE9qnIurngOSpMnQ0x2nQY2FPviA==}

  '@rolldown/pluginutils@1.0.0-rc.15':
    resolution: {integrity: sha512-UromN0peaE53IaBRe9W7CjrZgXl90fqGpK+mIZbA3qSTeYqg3pqpROBdIPvOG3F5ereDHNwoHBI2e50n1BDr1g==}

  '@tiptap/core@3.22.4':
    resolution: {integrity: sha512-vGIGm/HpqLg8EAAQXQ+koV+/S828OEpzocfWcPOwo1u2QUVf9dQG47Yy6JJ8zFFaJwfv4dBcOXli+7BrJwsxDQ==}
    peerDependencies:
      '@tiptap/pm': 3.22.4

  '@tiptap/extension-blockquote@3.22.4':
    resolution: {integrity: sha512-7/61kNPbGFhMgM//zMknD0pSb69rGdRIkpulXOWS1JBrFHkH6hjZDfrOETNzgKkO+NlmzVl9rXSTv0xauS3lzA==}
    peerDependencies:
      '@tiptap/core': 3.22.4

  '@tiptap/extension-bold@3.22.4':
    resolution: {integrity: sha512-jIaPKfNOQu2lhpbLDvtwlQqM+mjF+Kk+auHpzYjBnsuwUli1Cl5ZOau7RH+rru/SQvZe1DtpQlANujDywugZAA==}
    peerDependencies:
      '@tiptap/core': 3.22.4

  '@tiptap/extension-bubble-menu@3.22.4':
    resolution: {integrity: sha512-v4pux5Ql3THAEjaLMY4ldtdy/Xy2qU7PJLBkq8ugLp8qicaKC+tpqxp6sGif4vLIjz7Ap5hurRbTNbXzszyyHA==}
    peerDependencies:
      '@tiptap/core': 3.22.4
      '@tiptap/pm': 3.22.4

  '@tiptap/extension-bullet-list@3.22.4':
    resolution: {integrity: sha512-TB+d3fGcTixYjO7coKqTr1mGTJuqr8hjDCPUFgzuvKyJnBhqWITmBzQ/8CLq4rr6mihgGURbD3N+xkQuPAKFiw==}
    peerDependencies:
      '@tiptap/extension-list': 3.22.4

  '@tiptap/extension-code-block@3.22.4':
    resolution: {integrity: sha512-MEurzNXfMET3rhjpoPJYUgMfxTdTqbzT9+ToFrqNGAHocdXVm6m1hhO2frVC7fEtHPnxXKsn0Z3NUbCRkRTLuA==}
    peerDependencies:
      '@tiptap/core': 3.22.4
      '@tiptap/pm': 3.22.4

  '@tiptap/extension-code@3.22.4':
    resolution: {integrity: sha512-cnbxmVhAcc7X3G81QUYEmKP0ve2hRmvAiFXBuuv9RUtQlBiRnzmhHoJOMgkX0CsMR7+8kMRpTfeDUYq2xp5s5w==}
    peerDependencies:
      '@tiptap/core': 3.22.4

  '@tiptap/extension-color@3.22.4':
    resolution: {integrity: sha512-1vDuVsrOETshe4j4nZhWalbKYcWfNybRCe30h829ExX06XwFryUYLb/LgTIaGCr9beWZUldsK+vOkBWdDTGMTw==}
    peerDependencies:
      '@tiptap/extension-text-style': 3.22.4

  '@tiptap/extension-document@3.22.4':
    resolution: {integrity: sha512-XQKla1+703FqQJC48tPDVgt9ucGiFbIEmQdOg5L5o07z9a6/NzuaZAc+1zJ7NxcUZzy+z6wBn1PrVMTiqiSXlw==}
    peerDependencies:
      '@tiptap/core': 3.22.4

  '@tiptap/extension-dropcursor@3.22.4':
    resolution: {integrity: sha512-N9/yMDC35jJp0V/naL0+6gi4gUDUIcPpWEzFdCDWUSYBA8mt41c1kI1ZU7UTKYIBzTClenhYHRc2XKZxxx0+LQ==}
    peerDependencies:
      '@tiptap/extensions': 3.22.4

  '@tiptap/extension-floating-menu@3.22.4':
    resolution: {integrity: sha512-DFuyYxgaZPgxum5z1yvJPbfYCvDdO8geXsdyqt0qYYdiat3aGE4ncJhiLRIFDhSHBhaZg5eCgu/YPYAN6jZnrA==}
    peerDependencies:
      '@floating-ui/dom': ^1.0.0
      '@tiptap/core': 3.22.4
      '@tiptap/pm': 3.22.4

  '@tiptap/extension-gapcursor@3.22.4':
    resolution: {integrity: sha512-UYBEUj3SFpKINIE7AdzcyeS3xICK+ee+YLBbuqNXyHStYChjJOohzJehqiqhjR16A88KQQ+ZjgyDcItKGygSog==}
    peerDependencies:
      '@tiptap/extensions': 3.22.4

  '@tiptap/extension-hard-break@3.22.4':
    resolution: {integrity: sha512-xq+a4dE7T6VwApCkh/yU3p30gn3F8g8Arb9CyEZm58/WIJUIGvHSTjDdHmvU16+kiWSBg+wOOsaFHhYjJjxcKA==}
    peerDependencies:
      '@tiptap/core': 3.22.4

  '@tiptap/extension-heading@3.22.4':
    resolution: {integrity: sha512-TUaj5f0Ir5qy9HKKt2ocnwfXKpZDYeHgbbP9gshKFzdq5PLe1RbIgkjfy6bnoI865cYjmPYWRjcT7XsKyIcb9Q==}
    peerDependencies:
      '@tiptap/core': 3.22.4

  '@tiptap/extension-horizontal-rule@3.22.4':
    resolution: {integrity: sha512-cCI1HekGQwhY/MbgaKQ0R/7HcH5ZM1oFAyI/J72QGLC0XnF403S/OXoHMuBWr1mCu8hNiQWCzeNRJUty0iytNw==}
    peerDependencies:
      '@tiptap/core': 3.22.4
      '@tiptap/pm': 3.22.4

  '@tiptap/extension-image@3.22.4':
    resolution: {integrity: sha512-ZDc+fLaratTQ4IgnKcJJwfUgUgpcHjbZSBi6UQAILJwkflMy1Zxj8mpbma5P934nLSI+uDnR5ret6ZZLNITKhA==}
    peerDependencies:
      '@tiptap/core': 3.22.4

  '@tiptap/extension-italic@3.22.4':
    resolution: {integrity: sha512-fVSDx5AYXgDI3v2zZIqb7V8EewthwM2NJ/ZCX+XaxRsqNEpnjVhgHs7UlvDqK1wj2OJ6zmUNjPtVlAFRxwT+HQ==}
    peerDependencies:
      '@tiptap/core': 3.22.4

  '@tiptap/extension-link@3.22.4':
    resolution: {integrity: sha512-uoP3yus02uwGPVzW2QaEPJWVIrUb/r5nKm6c8DiJv9fNSX1+gykZZMg42c6GwRFLZ/vyfWjVCbAE03VMUqafgA==}
    peerDependencies:
      '@tiptap/core': 3.22.4
      '@tiptap/pm': 3.22.4

  '@tiptap/extension-list-item@3.22.4':
    resolution: {integrity: sha512-H659KXTvggSypIDWSOJBZ37jh9pKjQriDDvYPYvOZCdfij0D0hsDXN/wXoypArneUkoBdgruHfTtMkFOaQlgkw==}
    peerDependencies:
      '@tiptap/extension-list': 3.22.4

  '@tiptap/extension-list-keymap@3.22.4':
    resolution: {integrity: sha512-t/zhker4oIS78AIGYDdFFfZC6zSBlszfD7z/zqFLGCg5PHNNgkZK5hKj6Vyix6D2SapRn/ajnx+8mhbKIUH5eA==}
    peerDependencies:
      '@tiptap/extension-list': 3.22.4

  '@tiptap/extension-list@3.22.4':
    resolution: {integrity: sha512-Xe8UFvvHmyp/c/TJsFwlwU9CWACYbBirNsluJ3U1+H8BTu1wqdrT/AXR5uIXeyCl5kiWKgX5q71eHWbYFOrqrg==}
    peerDependencies:
      '@tiptap/core': 3.22.4
      '@tiptap/pm': 3.22.4

  '@tiptap/extension-ordered-list@3.22.4':
    resolution: {integrity: sha512-w77hPVf7pcHt97vfrybg/l0t5CimCd4y75OJKuHuo3CfgM5xbUP/gaPNMDyLLe7MYole/UHi/XvG3XjgzqTzAw==}
    peerDependencies:
      '@tiptap/extension-list': 3.22.4

  '@tiptap/extension-paragraph@3.22.4':
    resolution: {integrity: sha512-de6dFkIhigiENESY6rNJ3yTVS/337ybfP30dNPudTwGe9oAu9ZCS+04j6QCvXSjhlI3ULiv7wiSHqrP26Gd+Hw==}
    peerDependencies:
      '@tiptap/core': 3.22.4

  '@tiptap/extension-strike@3.22.4':
    resolution: {integrity: sha512-aRHWQj42HiailXSC9LkKYM3jWMcSeGwOjbqM4PiuxQZmHVDRFmeHkfJItOdn2cSHaO0vuEVK+TvrWUWsBFi3pg==}
    peerDependencies:
      '@tiptap/core': 3.22.4

  '@tiptap/extension-table-cell@3.22.4':
    resolution: {integrity: sha512-uvFegCc1UQYK2nfIV2sIHg+hzLIMroJJm00XomzBgC1w/eSO7Ui8APiDh/baBcTPpCSU3SLiQLTgx7AU7oE3pg==}
    peerDependencies:
      '@tiptap/extension-table': 3.22.4

  '@tiptap/extension-table-header@3.22.4':
    resolution: {integrity: sha512-V4kLLWeRdc/I+IXiXZZhLAjsaHHiJWuLXTuOtZRDrCxQUiFLi4AgNg1DPQ09JAANkEWDhXq3x6BoUXaFwumbEw==}
    peerDependencies:
      '@tiptap/extension-table': 3.22.4

  '@tiptap/extension-table-row@3.22.4':
    resolution: {integrity: sha512-9tdS6jgS6DqUu5TpEmNrRoo/DL5Xam0PyrQaUEXUC+ssci+bMRCJ8PAWMcunNsI9NKf/Tb3wYrv6hGFChaT9uA==}
    peerDependencies:
      '@tiptap/extension-table': 3.22.4

  '@tiptap/extension-table@3.22.4':
    resolution: {integrity: sha512-kjvLv3Z4JI+1tLDqZKa+bKU8VcxY+ZOyMCKWQA7wYmy8nKWkLJ60W+xy8AcXXpHB2goCIgSFLhsTyswx0GXH4w==}
    peerDependencies:
      '@tiptap/core': 3.22.4
      '@tiptap/pm': 3.22.4

  '@tiptap/extension-text-style@3.22.4':
    resolution: {integrity: sha512-24DVBdySNKq3ovY+v9ERVxAyHStDa6ftUlyoHuZv0YXQ2amjUNOmqQtGEHBIULpCbBb1jZ+atHhv9MBZ0Ia9Pw==}
    peerDependencies:
      '@tiptap/core': 3.22.4

  '@tiptap/extension-text@3.22.4':
    resolution: {integrity: sha512-mM69uUW5cSxIhyEpWXi/YcfyupcJMDLCPEfYi62awH0iOP/LRoCv/nHjJq4Hyj/KxRJbe8HKwIUnqaCUf7m5Pg==}
    peerDependencies:
      '@tiptap/core': 3.22.4

  '@tiptap/extension-underline@3.22.4':
    resolution: {integrity: sha512-08kGdbhIrA6h10GWXqOkqIveaBj5tmxclK208/nUIAlonI9hPd739vu7fmVtpnmqCnSSNpoRtU4u6Gj5at0ZpA==}
    peerDependencies:
      '@tiptap/core': 3.22.4

  '@tiptap/extensions@3.22.4':
    resolution: {integrity: sha512-fOe8VptJvLPs32bNdUYo8SRyljwqKNQVXWW056VoXIc5en/59OdJlJQVeHI0jRRciH3MtrqODi/gfJR0VHNZ8A==}
    peerDependencies:
      '@tiptap/core': 3.22.4
      '@tiptap/pm': 3.22.4

  '@tiptap/pm@3.22.4':
    resolution: {integrity: sha512-hj8Qka6WcHRllHUdeSjDnq2XaisUo4KsoGJc1WcFpoa1Yd+OeD861zUMnV7DFVGdZRy45Obht0CUYJpXQ4yA4w==}

  '@tiptap/starter-kit@3.22.4':
    resolution: {integrity: sha512-qWjw+vfdin1rzMRpRU4cC5tLTwMJtUpXeQukv+6mOqqvhptuwuZBjUHImVEJaSPoHXS7+1ut+nTnrLyWyEuE5Q==}

  '@tiptap/vue-3@3.22.4':
    resolution: {integrity: sha512-fcqUWt6LlA5PbcFaDXyV1apWwAs8j80m0kWwoL5+DgKdkGxsB5LgDZU1pTWle0zvR5zmGvJ7LmB6EGAYIBjdmQ==}
    peerDependencies:
      '@floating-ui/dom': ^1.0.0
      '@tiptap/core': 3.22.4
      '@tiptap/pm': 3.22.4
      vue: ^3.0.0

  '@tybys/wasm-util@0.10.1':
    resolution: {integrity: sha512-9tTaPJLSiejZKx+Bmog4uSubteqTvFrVrURwkmHixBo0G4seD0zUxp98E1DzUBJxLQ3NPwXrGKDiVjwx/DpPsg==}

  '@vitejs/plugin-vue@6.0.6':
    resolution: {integrity: sha512-u9HHgfrq3AjXlysn0eINFnWQOJQLO9WN6VprZ8FXl7A2bYisv3Hui9Ij+7QZ41F/WYWarHjwBbXtD7dKg3uxbg==}
    engines: {node: ^20.19.0 || >=22.12.0}
    peerDependencies:
      vite: ^5.0.0 || ^6.0.0 || ^7.0.0 || ^8.0.0
      vue: ^3.2.25

  '@vue/compiler-core@3.5.32':
    resolution: {integrity: sha512-4x74Tbtqnda8s/NSD6e1Dr5p1c8HdMU5RWSjMSUzb8RTcUQqevDCxVAitcLBKT+ie3o0Dl9crc/S/opJM7qBGQ==}

  '@vue/compiler-dom@3.5.32':
    resolution: {integrity: sha512-ybHAu70NtiEI1fvAUz3oXZqkUYEe5J98GjMDpTGl5iHb0T15wQYLR4wE3h9xfuTNA+Cm2f4czfe8B4s+CCH57Q==}

  '@vue/compiler-sfc@3.5.32':
    resolution: {integrity: sha512-8UYUYo71cP/0YHMO814TRZlPuUUw3oifHuMR7Wp9SNoRSrxRQnhMLNlCeaODNn6kNTJsjFoQ/kqIj4qGvya4Xg==}

  '@vue/compiler-ssr@3.5.32':
    resolution: {integrity: sha512-Gp4gTs22T3DgRotZ8aA/6m2jMR+GMztvBXUBEUOYOcST+giyGWJ4WvFd7QLHBkzTxkfOt8IELKNdpzITLbA2rw==}

  '@vue/reactivity@3.5.32':
    resolution: {integrity: sha512-/ORasxSGvZ6MN5gc+uE364SxFdJ0+WqVG0CENXaGW58TOCdrAW76WWaplDtECeS1qphvtBZtR+3/o1g1zL4xPQ==}

  '@vue/runtime-core@3.5.32':
    resolution: {integrity: sha512-pDrXCejn4UpFDFmMd27AcJEbHaLemaE5o4pbb7sLk79SRIhc6/t34BQA7SGNgYtbMnvbF/HHOftYBgFJtUoJUQ==}

  '@vue/runtime-dom@3.5.32':
    resolution: {integrity: sha512-1CDVv7tv/IV13V8Nip1k/aaObVbWqRlVCVezTwx3K07p7Vxossp5JU1dcPNhJk3w347gonIUT9jQOGutyJrSVQ==}

  '@vue/server-renderer@3.5.32':
    resolution: {integrity: sha512-IOjm2+JQwRFS7W28HNuJeXQle9KdZbODFY7hFGVtnnghF51ta20EWAZJHX+zLGtsHhaU6uC9BGPV52KVpYryMQ==}
    peerDependencies:
      vue: 3.5.32

  '@vue/shared@3.5.32':
    resolution: {integrity: sha512-ksNyrmRQzWJJ8n3cRDuSF7zNNontuJg1YHnmWRJd2AMu8Ij2bqwiiri2lH5rHtYPZjj4STkNcgcmiQqlOjiYGg==}

  csstype@3.2.3:
    resolution: {integrity: sha512-z1HGKcYy2xA8AGQfwrn0PAy+PB7X/GSj3UVJW9qKyn43xWa+gl5nXmU4qqLMRzWVLFC8KusUX8T/0kCiOYpAIQ==}

  detect-libc@2.1.2:
    resolution: {integrity: sha512-Btj2BOOO83o3WyH59e8MgXsxEQVcarkUOpEYrubB0urwnN10yQ364rsiByU11nZlqWYZm05i/of7io4mzihBtQ==}
    engines: {node: '>=8'}

  entities@7.0.1:
    resolution: {integrity: sha512-TWrgLOFUQTH994YUyl1yT4uyavY5nNB5muff+RtWaqNVCAK408b5ZnnbNAUEWLTCpum9w6arT70i1XdQ4UeOPA==}
    engines: {node: '>=0.12'}

  estree-walker@2.0.2:
    resolution: {integrity: sha512-Rfkk/Mp/DL7JVje3u18FxFujQlTNR2q6QfMSMB7AvCBx91NGj/ba3kCfza0f6dVDbw7YlRf/nDrn7pQrCCyQ/w==}

  fdir@6.5.0:
    resolution: {integrity: sha512-tIbYtZbucOs0BRGqPJkshJUYdL+SDH7dVM8gjy+ERp3WAUjLEFJE+02kanyHtwjWOnwrKYBiwAmM0p4kLJAnXg==}
    engines: {node: '>=12.0.0'}
    peerDependencies:
      picomatch: ^3 || ^4
    peerDependenciesMeta:
      picomatch:
        optional: true

  fsevents@2.3.3:
    resolution: {integrity: sha512-5xoDfX+fL7faATnagmWPpbFtwh/R77WmMMqqHGS65C3vvB0YHrgF+B1YmZ3441tMj5n63k0212XNoJwzlhffQw==}
    engines: {node: ^8.16.0 || ^10.6.0 || >=11.0.0}
    os: [darwin]

  highlight.js@11.11.1:
    resolution: {integrity: sha512-Xwwo44whKBVCYoliBQwaPvtd/2tYFkRQtXDWj1nackaV2JPXx3L0+Jvd8/qCJ2p+ML0/XVkJ2q+Mr+UVdpJK5w==}
    engines: {node: '>=12.0.0'}

  lightningcss-android-arm64@1.32.0:
    resolution: {integrity: sha512-YK7/ClTt4kAK0vo6w3X+Pnm0D2cf2vPHbhOXdoNti1Ga0al1P4TBZhwjATvjNwLEBCnKvjJc2jQgHXH0NEwlAg==}
    engines: {node: '>= 12.0.0'}
    cpu: [arm64]
    os: [android]

  lightningcss-darwin-arm64@1.32.0:
    resolution: {integrity: sha512-RzeG9Ju5bag2Bv1/lwlVJvBE3q6TtXskdZLLCyfg5pt+HLz9BqlICO7LZM7VHNTTn/5PRhHFBSjk5lc4cmscPQ==}
    engines: {node: '>= 12.0.0'}
    cpu: [arm64]
    os: [darwin]

  lightningcss-darwin-x64@1.32.0:
    resolution: {integrity: sha512-U+QsBp2m/s2wqpUYT/6wnlagdZbtZdndSmut/NJqlCcMLTWp5muCrID+K5UJ6jqD2BFshejCYXniPDbNh73V8w==}
    engines: {node: '>= 12.0.0'}
    cpu: [x64]
    os: [darwin]

  lightningcss-freebsd-x64@1.32.0:
    resolution: {integrity: sha512-JCTigedEksZk3tHTTthnMdVfGf61Fky8Ji2E4YjUTEQX14xiy/lTzXnu1vwiZe3bYe0q+SpsSH/CTeDXK6WHig==}
    engines: {node: '>= 12.0.0'}
    cpu: [x64]
    os: [freebsd]

  lightningcss-linux-arm-gnueabihf@1.32.0:
    resolution: {integrity: sha512-x6rnnpRa2GL0zQOkt6rts3YDPzduLpWvwAF6EMhXFVZXD4tPrBkEFqzGowzCsIWsPjqSK+tyNEODUBXeeVHSkw==}
    engines: {node: '>= 12.0.0'}
    cpu: [arm]
    os: [linux]

  lightningcss-linux-arm64-gnu@1.32.0:
    resolution: {integrity: sha512-0nnMyoyOLRJXfbMOilaSRcLH3Jw5z9HDNGfT/gwCPgaDjnx0i8w7vBzFLFR1f6CMLKF8gVbebmkUN3fa/kQJpQ==}
    engines: {node: '>= 12.0.0'}
    cpu: [arm64]
    os: [linux]
    libc: [glibc]

  lightningcss-linux-arm64-musl@1.32.0:
    resolution: {integrity: sha512-UpQkoenr4UJEzgVIYpI80lDFvRmPVg6oqboNHfoH4CQIfNA+HOrZ7Mo7KZP02dC6LjghPQJeBsvXhJod/wnIBg==}
    engines: {node: '>= 12.0.0'}
    cpu: [arm64]
    os: [linux]
    libc: [musl]

  lightningcss-linux-x64-gnu@1.32.0:
    resolution: {integrity: sha512-V7Qr52IhZmdKPVr+Vtw8o+WLsQJYCTd8loIfpDaMRWGUZfBOYEJeyJIkqGIDMZPwPx24pUMfwSxxI8phr/MbOA==}
    engines: {node: '>= 12.0.0'}
    cpu: [x64]
    os: [linux]
    libc: [glibc]

  lightningcss-linux-x64-musl@1.32.0:
    resolution: {integrity: sha512-bYcLp+Vb0awsiXg/80uCRezCYHNg1/l3mt0gzHnWV9XP1W5sKa5/TCdGWaR/zBM2PeF/HbsQv/j2URNOiVuxWg==}
    engines: {node: '>= 12.0.0'}
    cpu: [x64]
    os: [linux]
    libc: [musl]

  lightningcss-win32-arm64-msvc@1.32.0:
    resolution: {integrity: sha512-8SbC8BR40pS6baCM8sbtYDSwEVQd4JlFTOlaD3gWGHfThTcABnNDBda6eTZeqbofalIJhFx0qKzgHJmcPTnGdw==}
    engines: {node: '>= 12.0.0'}
    cpu: [arm64]
    os: [win32]

  lightningcss-win32-x64-msvc@1.32.0:
    resolution: {integrity: sha512-Amq9B/SoZYdDi1kFrojnoqPLxYhQ4Wo5XiL8EVJrVsB8ARoC1PWW6VGtT0WKCemjy8aC+louJnjS7U18x3b06Q==}
    engines: {node: '>= 12.0.0'}
    cpu: [x64]
    os: [win32]

  lightningcss@1.32.0:
    resolution: {integrity: sha512-NXYBzinNrblfraPGyrbPoD19C1h9lfI/1mzgWYvXUTe414Gz/X1FD2XBZSZM7rRTrMA8JL3OtAaGifrIKhQ5yQ==}
    engines: {node: '>= 12.0.0'}

  linkifyjs@4.3.2:
    resolution: {integrity: sha512-NT1CJtq3hHIreOianA8aSXn6Cw0JzYOuDQbOrSPe7gqFnCpKP++MQe3ODgO3oh2GJFORkAAdqredOa60z63GbA==}

  magic-string@0.30.21:
    resolution: {integrity: sha512-vd2F4YUyEXKGcLHoq+TEyCjxueSeHnFxyyjNp80yg0XV4vUhnDer/lvvlqM/arB5bXQN5K2/3oinyCRyx8T2CQ==}

  nanoid@3.3.11:
    resolution: {integrity: sha512-N8SpfPUnUp1bK+PMYW8qSWdl9U+wwNWI4QKxOYDy9JAro3WMX7p2OeVRF9v+347pnakNevPmiHhNmZ2HbFA76w==}
    engines: {node: ^10 || ^12 || ^13.7 || ^14 || >=15.0.1}
    hasBin: true

  orderedmap@2.1.1:
    resolution: {integrity: sha512-TvAWxi0nDe1j/rtMcWcIj94+Ffe6n7zhow33h40SKxmsmozs6dz/e+EajymfoFcHd7sxNn8yHM8839uixMOV6g==}

  picocolors@1.1.1:
    resolution: {integrity: sha512-xceH2snhtb5M9liqDsmEw56le376mTZkEX/jEb/RxNFyegNul7eNslCXP9FDj/Lcu0X8KEyMceP2ntpaHrDEVA==}

  picomatch@4.0.4:
    resolution: {integrity: sha512-QP88BAKvMam/3NxH6vj2o21R6MjxZUAd6nlwAS/pnGvN9IVLocLHxGYIzFhg6fUQ+5th6P4dv4eW9jX3DSIj7A==}
    engines: {node: '>=12'}

  postcss@8.5.10:
    resolution: {integrity: sha512-pMMHxBOZKFU6HgAZ4eyGnwXF/EvPGGqUr0MnZ5+99485wwW41kW91A4LOGxSHhgugZmSChL5AlElNdwlNgcnLQ==}
    engines: {node: ^10 || ^12 || >=14}

  prosemirror-changeset@2.4.1:
    resolution: {integrity: sha512-96WBLhOaYhJ+kPhLg3uW359Tz6I/MfcrQfL4EGv4SrcqKEMC1gmoGrXHecPE8eOwTVCJ4IwgfzM8fFad25wNfw==}

  prosemirror-commands@1.7.1:
    resolution: {integrity: sha512-rT7qZnQtx5c0/y/KlYaGvtG411S97UaL6gdp6RIZ23DLHanMYLyfGBV5DtSnZdthQql7W+lEVbpSfwtO8T+L2w==}

  prosemirror-dropcursor@1.8.2:
    resolution: {integrity: sha512-CCk6Gyx9+Tt2sbYk5NK0nB1ukHi2ryaRgadV/LvyNuO3ena1payM2z6Cg0vO1ebK8cxbzo41ku2DE5Axj1Zuiw==}

  prosemirror-gapcursor@1.4.1:
    resolution: {integrity: sha512-pMdYaEnjNMSwl11yjEGtgTmLkR08m/Vl+Jj443167p9eB3HVQKhYCc4gmHVDsLPODfZfjr/MmirsdyZziXbQKw==}

  prosemirror-history@1.5.0:
    resolution: {integrity: sha512-zlzTiH01eKA55UAf1MEjtssJeHnGxO0j4K4Dpx+gnmX9n+SHNlDqI2oO1Kv1iPN5B1dm5fsljCfqKF9nFL6HRg==}

  prosemirror-keymap@1.2.3:
    resolution: {integrity: sha512-4HucRlpiLd1IPQQXNqeo81BGtkY8Ai5smHhKW9jjPKRc2wQIxksg7Hl1tTI2IfT2B/LgX6bfYvXxEpJl7aKYKw==}

  prosemirror-model@1.25.4:
    resolution: {integrity: sha512-PIM7E43PBxKce8OQeezAs9j4TP+5yDpZVbuurd1h5phUxEKIu+G2a+EUZzIC5nS1mJktDJWzbqS23n1tsAf5QA==}

  prosemirror-schema-list@1.5.1:
    resolution: {integrity: sha512-927lFx/uwyQaGwJxLWCZRkjXG0p48KpMj6ueoYiu4JX05GGuGcgzAy62dfiV8eFZftgyBUvLx76RsMe20fJl+Q==}

  prosemirror-state@1.4.4:
    resolution: {integrity: sha512-6jiYHH2CIGbCfnxdHbXZ12gySFY/fz/ulZE333G6bPqIZ4F+TXo9ifiR86nAHpWnfoNjOb3o5ESi7J8Uz1jXHw==}

  prosemirror-tables@1.8.5:
    resolution: {integrity: sha512-V/0cDCsHKHe/tfWkeCmthNUcEp1IVO3p6vwN8XtwE9PZQLAZJigbw3QoraAdfJPir4NKJtNvOB8oYGKRl+t0Dw==}

  prosemirror-transform@1.12.0:
    resolution: {integrity: sha512-GxboyN4AMIsoHNtz5uf2r2Ru551i5hWeCMD6E2Ib4Eogqoub0NflniaBPVQ4MrGE5yZ8JV9tUHg9qcZTTrcN4w==}

  prosemirror-view@1.41.8:
    resolution: {integrity: sha512-TnKDdohEatgyZNGCDWIdccOHXhYloJwbwU+phw/a23KBvJIR9lWQWW7WHHK3vBdOLDNuF7TaX98GObUZOWkOnA==}

  rolldown@1.0.0-rc.15:
    resolution: {integrity: sha512-Ff31guA5zT6WjnGp0SXw76X6hzGRk/OQq2hE+1lcDe+lJdHSgnSX6nK3erbONHyCbpSj9a9E+uX/OvytZoWp2g==}
    engines: {node: ^20.19.0 || >=22.12.0}
    hasBin: true

  rope-sequence@1.3.4:
    resolution: {integrity: sha512-UT5EDe2cu2E/6O4igUr5PSFs23nvvukicWHx6GnOPlHAiiYbzNuCRQCuiUdHJQcqKalLKlrYJnjY0ySGsXNQXQ==}

  source-map-js@1.2.1:
    resolution: {integrity: sha512-UXWMKhLOwVKb728IUtQPXxfYU+usdybtUrK/8uGE8CQMvrhOpwvzDBwj0QhSL7MQc7vIsISBG8VQ8+IDQxpfQA==}
    engines: {node: '>=0.10.0'}

  tinyglobby@0.2.16:
    resolution: {integrity: sha512-pn99VhoACYR8nFHhxqix+uvsbXineAasWm5ojXoN8xEwK5Kd3/TrhNn1wByuD52UxWRLy8pu+kRMniEi6Eq9Zg==}
    engines: {node: '>=12.0.0'}

  tslib@2.8.1:
    resolution: {integrity: sha512-oJFu94HQb+KVduSUQL7wnpmqnfmLsOA/nAh6b6EH0wCEoK0/mPeXU6c3wKDV83MkOuHPRHtSXKKU99IBazS/2w==}

  vite@8.0.8:
    resolution: {integrity: sha512-dbU7/iLVa8KZALJyLOBOQ88nOXtNG8vxKuOT4I2mD+Ya70KPceF4IAmDsmU0h1Qsn5bPrvsY9HJstCRh3hG6Uw==}
    engines: {node: ^20.19.0 || >=22.12.0}
    hasBin: true
    peerDependencies:
      '@types/node': ^20.19.0 || >=22.12.0
      '@vitejs/devtools': ^0.1.0
      esbuild: ^0.27.0 || ^0.28.0
      jiti: '>=1.21.0'
      less: ^4.0.0
      sass: ^1.70.0
      sass-embedded: ^1.70.0
      stylus: '>=0.54.8'
      sugarss: ^5.0.0
      terser: ^5.16.0
      tsx: ^4.8.1
      yaml: ^2.4.2
    peerDependenciesMeta:
      '@types/node':
        optional: true
      '@vitejs/devtools':
        optional: true
      esbuild:
        optional: true
      jiti:
        optional: true
      less:
        optional: true
      sass:
        optional: true
      sass-embedded:
        optional: true
      stylus:
        optional: true
      sugarss:
        optional: true
      terser:
        optional: true
      tsx:
        optional: true
      yaml:
        optional: true

  vue@3.5.32:
    resolution: {integrity: sha512-vM4z4Q9tTafVfMAK7IVzmxg34rSzTFMyIe0UUEijUCkn9+23lj0WRfA83dg7eQZIUlgOSGrkViIaCfqSAUXsMw==}
    peerDependencies:
      typescript: '*'
    peerDependenciesMeta:
      typescript:
        optional: true

  w3c-keyname@2.2.8:
    resolution: {integrity: sha512-dpojBhNsCNN7T82Tm7k26A6G9ML3NkhDsnw9n/eoxSRlVBB4CEtIQ/KTCLI2Fwf3ataSXRhYFkQi3SlnFwPvPQ==}

snapshots:

  '@babel/helper-string-parser@7.27.1': {}

  '@babel/helper-validator-identifier@7.28.5': {}

  '@babel/parser@7.29.2':
    dependencies:
      '@babel/types': 7.29.0

  '@babel/types@7.29.0':
    dependencies:
      '@babel/helper-string-parser': 7.27.1
      '@babel/helper-validator-identifier': 7.28.5

  '@emnapi/core@1.9.2':
    dependencies:
      '@emnapi/wasi-threads': 1.2.1
      tslib: 2.8.1
    optional: true

  '@emnapi/runtime@1.9.2':
    dependencies:
      tslib: 2.8.1
    optional: true

  '@emnapi/wasi-threads@1.2.1':
    dependencies:
      tslib: 2.8.1
    optional: true

  '@floating-ui/core@1.7.5':
    dependencies:
      '@floating-ui/utils': 0.2.11

  '@floating-ui/dom@1.7.6':
    dependencies:
      '@floating-ui/core': 1.7.5
      '@floating-ui/utils': 0.2.11

  '@floating-ui/utils@0.2.11': {}

  '@jridgewell/sourcemap-codec@1.5.5': {}

  '@napi-rs/wasm-runtime@1.1.4(@emnapi/core@1.9.2)(@emnapi/runtime@1.9.2)':
    dependencies:
      '@emnapi/core': 1.9.2
      '@emnapi/runtime': 1.9.2
      '@tybys/wasm-util': 0.10.1
    optional: true

  '@oxc-project/types@0.124.0': {}

  '@rolldown/binding-android-arm64@1.0.0-rc.15':
    optional: true

  '@rolldown/binding-darwin-arm64@1.0.0-rc.15':
    optional: true

  '@rolldown/binding-darwin-x64@1.0.0-rc.15':
    optional: true

  '@rolldown/binding-freebsd-x64@1.0.0-rc.15':
    optional: true

  '@rolldown/binding-linux-arm-gnueabihf@1.0.0-rc.15':
    optional: true

  '@rolldown/binding-linux-arm64-gnu@1.0.0-rc.15':
    optional: true

  '@rolldown/binding-linux-arm64-musl@1.0.0-rc.15':
    optional: true

  '@rolldown/binding-linux-ppc64-gnu@1.0.0-rc.15':
    optional: true

  '@rolldown/binding-linux-s390x-gnu@1.0.0-rc.15':
    optional: true

  '@rolldown/binding-linux-x64-gnu@1.0.0-rc.15':
    optional: true

  '@rolldown/binding-linux-x64-musl@1.0.0-rc.15':
    optional: true

  '@rolldown/binding-openharmony-arm64@1.0.0-rc.15':
    optional: true

  '@rolldown/binding-wasm32-wasi@1.0.0-rc.15':
    dependencies:
      '@emnapi/core': 1.9.2
      '@emnapi/runtime': 1.9.2
      '@napi-rs/wasm-runtime': 1.1.4(@emnapi/core@1.9.2)(@emnapi/runtime@1.9.2)
    optional: true

  '@rolldown/binding-win32-arm64-msvc@1.0.0-rc.15':
    optional: true

  '@rolldown/binding-win32-x64-msvc@1.0.0-rc.15':
    optional: true

  '@rolldown/pluginutils@1.0.0-rc.13': {}

  '@rolldown/pluginutils@1.0.0-rc.15': {}

  '@tiptap/core@3.22.4(@tiptap/pm@3.22.4)':
    dependencies:
      '@tiptap/pm': 3.22.4

  '@tiptap/extension-blockquote@3.22.4(@tiptap/core@3.22.4(@tiptap/pm@3.22.4))':
    dependencies:
      '@tiptap/core': 3.22.4(@tiptap/pm@3.22.4)

  '@tiptap/extension-bold@3.22.4(@tiptap/core@3.22.4(@tiptap/pm@3.22.4))':
    dependencies:
      '@tiptap/core': 3.22.4(@tiptap/pm@3.22.4)

  '@tiptap/extension-bubble-menu@3.22.4(@tiptap/core@3.22.4(@tiptap/pm@3.22.4))(@tiptap/pm@3.22.4)':
    dependencies:
      '@floating-ui/dom': 1.7.6
      '@tiptap/core': 3.22.4(@tiptap/pm@3.22.4)
      '@tiptap/pm': 3.22.4
    optional: true

  '@tiptap/extension-bullet-list@3.22.4(@tiptap/extension-list@3.22.4(@tiptap/core@3.22.4(@tiptap/pm@3.22.4))(@tiptap/pm@3.22.4))':
    dependencies:
      '@tiptap/extension-list': 3.22.4(@tiptap/core@3.22.4(@tiptap/pm@3.22.4))(@tiptap/pm@3.22.4)

  '@tiptap/extension-code-block@3.22.4(@tiptap/core@3.22.4(@tiptap/pm@3.22.4))(@tiptap/pm@3.22.4)':
    dependencies:
      '@tiptap/core': 3.22.4(@tiptap/pm@3.22.4)
      '@tiptap/pm': 3.22.4

  '@tiptap/extension-code@3.22.4(@tiptap/core@3.22.4(@tiptap/pm@3.22.4))':
    dependencies:
      '@tiptap/core': 3.22.4(@tiptap/pm@3.22.4)

  '@tiptap/extension-color@3.22.4(@tiptap/extension-text-style@3.22.4(@tiptap/core@3.22.4(@tiptap/pm@3.22.4)))':
    dependencies:
      '@tiptap/extension-text-style': 3.22.4(@tiptap/core@3.22.4(@tiptap/pm@3.22.4))

  '@tiptap/extension-document@3.22.4(@tiptap/core@3.22.4(@tiptap/pm@3.22.4))':
    dependencies:
      '@tiptap/core': 3.22.4(@tiptap/pm@3.22.4)

  '@tiptap/extension-dropcursor@3.22.4(@tiptap/extensions@3.22.4(@tiptap/core@3.22.4(@tiptap/pm@3.22.4))(@tiptap/pm@3.22.4))':
    dependencies:
      '@tiptap/extensions': 3.22.4(@tiptap/core@3.22.4(@tiptap/pm@3.22.4))(@tiptap/pm@3.22.4)

  '@tiptap/extension-floating-menu@3.22.4(@floating-ui/dom@1.7.6)(@tiptap/core@3.22.4(@tiptap/pm@3.22.4))(@tiptap/pm@3.22.4)':
    dependencies:
      '@floating-ui/dom': 1.7.6
      '@tiptap/core': 3.22.4(@tiptap/pm@3.22.4)
      '@tiptap/pm': 3.22.4
    optional: true

  '@tiptap/extension-gapcursor@3.22.4(@tiptap/extensions@3.22.4(@tiptap/core@3.22.4(@tiptap/pm@3.22.4))(@tiptap/pm@3.22.4))':
    dependencies:
      '@tiptap/extensions': 3.22.4(@tiptap/core@3.22.4(@tiptap/pm@3.22.4))(@tiptap/pm@3.22.4)

  '@tiptap/extension-hard-break@3.22.4(@tiptap/core@3.22.4(@tiptap/pm@3.22.4))':
    dependencies:
      '@tiptap/core': 3.22.4(@tiptap/pm@3.22.4)

  '@tiptap/extension-heading@3.22.4(@tiptap/core@3.22.4(@tiptap/pm@3.22.4))':
    dependencies:
      '@tiptap/core': 3.22.4(@tiptap/pm@3.22.4)

  '@tiptap/extension-horizontal-rule@3.22.4(@tiptap/core@3.22.4(@tiptap/pm@3.22.4))(@tiptap/pm@3.22.4)':
    dependencies:
      '@tiptap/core': 3.22.4(@tiptap/pm@3.22.4)
      '@tiptap/pm': 3.22.4

  '@tiptap/extension-image@3.22.4(@tiptap/core@3.22.4(@tiptap/pm@3.22.4))':
    dependencies:
      '@tiptap/core': 3.22.4(@tiptap/pm@3.22.4)

  '@tiptap/extension-italic@3.22.4(@tiptap/core@3.22.4(@tiptap/pm@3.22.4))':
    dependencies:
      '@tiptap/core': 3.22.4(@tiptap/pm@3.22.4)

  '@tiptap/extension-link@3.22.4(@tiptap/core@3.22.4(@tiptap/pm@3.22.4))(@tiptap/pm@3.22.4)':
    dependencies:
      '@tiptap/core': 3.22.4(@tiptap/pm@3.22.4)
      '@tiptap/pm': 3.22.4
      linkifyjs: 4.3.2

  '@tiptap/extension-list-item@3.22.4(@tiptap/extension-list@3.22.4(@tiptap/core@3.22.4(@tiptap/pm@3.22.4))(@tiptap/pm@3.22.4))':
    dependencies:
      '@tiptap/extension-list': 3.22.4(@tiptap/core@3.22.4(@tiptap/pm@3.22.4))(@tiptap/pm@3.22.4)

  '@tiptap/extension-list-keymap@3.22.4(@tiptap/extension-list@3.22.4(@tiptap/core@3.22.4(@tiptap/pm@3.22.4))(@tiptap/pm@3.22.4))':
    dependencies:
      '@tiptap/extension-list': 3.22.4(@tiptap/core@3.22.4(@tiptap/pm@3.22.4))(@tiptap/pm@3.22.4)

  '@tiptap/extension-list@3.22.4(@tiptap/core@3.22.4(@tiptap/pm@3.22.4))(@tiptap/pm@3.22.4)':
    dependencies:
      '@tiptap/core': 3.22.4(@tiptap/pm@3.22.4)
      '@tiptap/pm': 3.22.4

  '@tiptap/extension-ordered-list@3.22.4(@tiptap/extension-list@3.22.4(@tiptap/core@3.22.4(@tiptap/pm@3.22.4))(@tiptap/pm@3.22.4))':
    dependencies:
      '@tiptap/extension-list': 3.22.4(@tiptap/core@3.22.4(@tiptap/pm@3.22.4))(@tiptap/pm@3.22.4)

  '@tiptap/extension-paragraph@3.22.4(@tiptap/core@3.22.4(@tiptap/pm@3.22.4))':
    dependencies:
      '@tiptap/core': 3.22.4(@tiptap/pm@3.22.4)

  '@tiptap/extension-strike@3.22.4(@tiptap/core@3.22.4(@tiptap/pm@3.22.4))':
    dependencies:
      '@tiptap/core': 3.22.4(@tiptap/pm@3.22.4)

  '@tiptap/extension-table-cell@3.22.4(@tiptap/extension-table@3.22.4(@tiptap/core@3.22.4(@tiptap/pm@3.22.4))(@tiptap/pm@3.22.4))':
    dependencies:
      '@tiptap/extension-table': 3.22.4(@tiptap/core@3.22.4(@tiptap/pm@3.22.4))(@tiptap/pm@3.22.4)

  '@tiptap/extension-table-header@3.22.4(@tiptap/extension-table@3.22.4(@tiptap/core@3.22.4(@tiptap/pm@3.22.4))(@tiptap/pm@3.22.4))':
    dependencies:
      '@tiptap/extension-table': 3.22.4(@tiptap/core@3.22.4(@tiptap/pm@3.22.4))(@tiptap/pm@3.22.4)

  '@tiptap/extension-table-row@3.22.4(@tiptap/extension-table@3.22.4(@tiptap/core@3.22.4(@tiptap/pm@3.22.4))(@tiptap/pm@3.22.4))':
    dependencies:
      '@tiptap/extension-table': 3.22.4(@tiptap/core@3.22.4(@tiptap/pm@3.22.4))(@tiptap/pm@3.22.4)

  '@tiptap/extension-table@3.22.4(@tiptap/core@3.22.4(@tiptap/pm@3.22.4))(@tiptap/pm@3.22.4)':
    dependencies:
      '@tiptap/core': 3.22.4(@tiptap/pm@3.22.4)
      '@tiptap/pm': 3.22.4

  '@tiptap/extension-text-style@3.22.4(@tiptap/core@3.22.4(@tiptap/pm@3.22.4))':
    dependencies:
      '@tiptap/core': 3.22.4(@tiptap/pm@3.22.4)

  '@tiptap/extension-text@3.22.4(@tiptap/core@3.22.4(@tiptap/pm@3.22.4))':
    dependencies:
      '@tiptap/core': 3.22.4(@tiptap/pm@3.22.4)

  '@tiptap/extension-underline@3.22.4(@tiptap/core@3.22.4(@tiptap/pm@3.22.4))':
    dependencies:
      '@tiptap/core': 3.22.4(@tiptap/pm@3.22.4)

  '@tiptap/extensions@3.22.4(@tiptap/core@3.22.4(@tiptap/pm@3.22.4))(@tiptap/pm@3.22.4)':
    dependencies:
      '@tiptap/core': 3.22.4(@tiptap/pm@3.22.4)
      '@tiptap/pm': 3.22.4

  '@tiptap/pm@3.22.4':
    dependencies:
      prosemirror-changeset: 2.4.1
      prosemirror-commands: 1.7.1
      prosemirror-dropcursor: 1.8.2
      prosemirror-gapcursor: 1.4.1
      prosemirror-history: 1.5.0
      prosemirror-keymap: 1.2.3
      prosemirror-model: 1.25.4
      prosemirror-schema-list: 1.5.1
      prosemirror-state: 1.4.4
      prosemirror-tables: 1.8.5
      prosemirror-transform: 1.12.0
      prosemirror-view: 1.41.8

  '@tiptap/starter-kit@3.22.4':
    dependencies:
      '@tiptap/core': 3.22.4(@tiptap/pm@3.22.4)
      '@tiptap/extension-blockquote': 3.22.4(@tiptap/core@3.22.4(@tiptap/pm@3.22.4))
      '@tiptap/extension-bold': 3.22.4(@tiptap/core@3.22.4(@tiptap/pm@3.22.4))
      '@tiptap/extension-bullet-list': 3.22.4(@tiptap/extension-list@3.22.4(@tiptap/core@3.22.4(@tiptap/pm@3.22.4))(@tiptap/pm@3.22.4))
      '@tiptap/extension-code': 3.22.4(@tiptap/core@3.22.4(@tiptap/pm@3.22.4))
      '@tiptap/extension-code-block': 3.22.4(@tiptap/core@3.22.4(@tiptap/pm@3.22.4))(@tiptap/pm@3.22.4)
      '@tiptap/extension-document': 3.22.4(@tiptap/core@3.22.4(@tiptap/pm@3.22.4))
      '@tiptap/extension-dropcursor': 3.22.4(@tiptap/extensions@3.22.4(@tiptap/core@3.22.4(@tiptap/pm@3.22.4))(@tiptap/pm@3.22.4))
      '@tiptap/extension-gapcursor': 3.22.4(@tiptap/extensions@3.22.4(@tiptap/core@3.22.4(@tiptap/pm@3.22.4))(@tiptap/pm@3.22.4))
      '@tiptap/extension-hard-break': 3.22.4(@tiptap/core@3.22.4(@tiptap/pm@3.22.4))
      '@tiptap/extension-heading': 3.22.4(@tiptap/core@3.22.4(@tiptap/pm@3.22.4))
      '@tiptap/extension-horizontal-rule': 3.22.4(@tiptap/core@3.22.4(@tiptap/pm@3.22.4))(@tiptap/pm@3.22.4)
      '@tiptap/extension-italic': 3.22.4(@tiptap/core@3.22.4(@tiptap/pm@3.22.4))
      '@tiptap/extension-link': 3.22.4(@tiptap/core@3.22.4(@tiptap/pm@3.22.4))(@tiptap/pm@3.22.4)
      '@tiptap/extension-list': 3.22.4(@tiptap/core@3.22.4(@tiptap/pm@3.22.4))(@tiptap/pm@3.22.4)
      '@tiptap/extension-list-item': 3.22.4(@tiptap/extension-list@3.22.4(@tiptap/core@3.22.4(@tiptap/pm@3.22.4))(@tiptap/pm@3.22.4))
      '@tiptap/extension-list-keymap': 3.22.4(@tiptap/extension-list@3.22.4(@tiptap/core@3.22.4(@tiptap/pm@3.22.4))(@tiptap/pm@3.22.4))
      '@tiptap/extension-ordered-list': 3.22.4(@tiptap/extension-list@3.22.4(@tiptap/core@3.22.4(@tiptap/pm@3.22.4))(@tiptap/pm@3.22.4))
      '@tiptap/extension-paragraph': 3.22.4(@tiptap/core@3.22.4(@tiptap/pm@3.22.4))
      '@tiptap/extension-strike': 3.22.4(@tiptap/core@3.22.4(@tiptap/pm@3.22.4))
      '@tiptap/extension-text': 3.22.4(@tiptap/core@3.22.4(@tiptap/pm@3.22.4))
      '@tiptap/extension-underline': 3.22.4(@tiptap/core@3.22.4(@tiptap/pm@3.22.4))
      '@tiptap/extensions': 3.22.4(@tiptap/core@3.22.4(@tiptap/pm@3.22.4))(@tiptap/pm@3.22.4)
      '@tiptap/pm': 3.22.4

  '@tiptap/vue-3@3.22.4(@floating-ui/dom@1.7.6)(@tiptap/core@3.22.4(@tiptap/pm@3.22.4))(@tiptap/pm@3.22.4)(vue@3.5.32)':
    dependencies:
      '@floating-ui/dom': 1.7.6
      '@tiptap/core': 3.22.4(@tiptap/pm@3.22.4)
      '@tiptap/pm': 3.22.4
      vue: 3.5.32
    optionalDependencies:
      '@tiptap/extension-bubble-menu': 3.22.4(@tiptap/core@3.22.4(@tiptap/pm@3.22.4))(@tiptap/pm@3.22.4)
      '@tiptap/extension-floating-menu': 3.22.4(@floating-ui/dom@1.7.6)(@tiptap/core@3.22.4(@tiptap/pm@3.22.4))(@tiptap/pm@3.22.4)

  '@tybys/wasm-util@0.10.1':
    dependencies:
      tslib: 2.8.1
    optional: true

  '@vitejs/plugin-vue@6.0.6(vite@8.0.8)(vue@3.5.32)':
    dependencies:
      '@rolldown/pluginutils': 1.0.0-rc.13
      vite: 8.0.8
      vue: 3.5.32

  '@vue/compiler-core@3.5.32':
    dependencies:
      '@babel/parser': 7.29.2
      '@vue/shared': 3.5.32
      entities: 7.0.1
      estree-walker: 2.0.2
      source-map-js: 1.2.1

  '@vue/compiler-dom@3.5.32':
    dependencies:
      '@vue/compiler-core': 3.5.32
      '@vue/shared': 3.5.32

  '@vue/compiler-sfc@3.5.32':
    dependencies:
      '@babel/parser': 7.29.2
      '@vue/compiler-core': 3.5.32
      '@vue/compiler-dom': 3.5.32
      '@vue/compiler-ssr': 3.5.32
      '@vue/shared': 3.5.32
      estree-walker: 2.0.2
      magic-string: 0.30.21
      postcss: 8.5.10
      source-map-js: 1.2.1

  '@vue/compiler-ssr@3.5.32':
    dependencies:
      '@vue/compiler-dom': 3.5.32
      '@vue/shared': 3.5.32

  '@vue/reactivity@3.5.32':
    dependencies:
      '@vue/shared': 3.5.32

  '@vue/runtime-core@3.5.32':
    dependencies:
      '@vue/reactivity': 3.5.32
      '@vue/shared': 3.5.32

  '@vue/runtime-dom@3.5.32':
    dependencies:
      '@vue/reactivity': 3.5.32
      '@vue/runtime-core': 3.5.32
      '@vue/shared': 3.5.32
      csstype: 3.2.3

  '@vue/server-renderer@3.5.32(vue@3.5.32)':
    dependencies:
      '@vue/compiler-ssr': 3.5.32
      '@vue/shared': 3.5.32
      vue: 3.5.32

  '@vue/shared@3.5.32': {}

  csstype@3.2.3: {}

  detect-libc@2.1.2: {}

  entities@7.0.1: {}

  estree-walker@2.0.2: {}

  fdir@6.5.0(picomatch@4.0.4):
    optionalDependencies:
      picomatch: 4.0.4

  fsevents@2.3.3:
    optional: true

  highlight.js@11.11.1: {}

  lightningcss-android-arm64@1.32.0:
    optional: true

  lightningcss-darwin-arm64@1.32.0:
    optional: true

  lightningcss-darwin-x64@1.32.0:
    optional: true

  lightningcss-freebsd-x64@1.32.0:
    optional: true

  lightningcss-linux-arm-gnueabihf@1.32.0:
    optional: true

  lightningcss-linux-arm64-gnu@1.32.0:
    optional: true

  lightningcss-linux-arm64-musl@1.32.0:
    optional: true

  lightningcss-linux-x64-gnu@1.32.0:
    optional: true

  lightningcss-linux-x64-musl@1.32.0:
    optional: true

  lightningcss-win32-arm64-msvc@1.32.0:
    optional: true

  lightningcss-win32-x64-msvc@1.32.0:
    optional: true

  lightningcss@1.32.0:
    dependencies:
      detect-libc: 2.1.2
    optionalDependencies:
      lightningcss-android-arm64: 1.32.0
      lightningcss-darwin-arm64: 1.32.0
      lightningcss-darwin-x64: 1.32.0
      lightningcss-freebsd-x64: 1.32.0
      lightningcss-linux-arm-gnueabihf: 1.32.0
      lightningcss-linux-arm64-gnu: 1.32.0
      lightningcss-linux-arm64-musl: 1.32.0
      lightningcss-linux-x64-gnu: 1.32.0
      lightningcss-linux-x64-musl: 1.32.0
      lightningcss-win32-arm64-msvc: 1.32.0
      lightningcss-win32-x64-msvc: 1.32.0

  linkifyjs@4.3.2: {}

  magic-string@0.30.21:
    dependencies:
      '@jridgewell/sourcemap-codec': 1.5.5

  nanoid@3.3.11: {}

  orderedmap@2.1.1: {}

  picocolors@1.1.1: {}

  picomatch@4.0.4: {}

  postcss@8.5.10:
    dependencies:
      nanoid: 3.3.11
      picocolors: 1.1.1
      source-map-js: 1.2.1

  prosemirror-changeset@2.4.1:
    dependencies:
      prosemirror-transform: 1.12.0

  prosemirror-commands@1.7.1:
    dependencies:
      prosemirror-model: 1.25.4
      prosemirror-state: 1.4.4
      prosemirror-transform: 1.12.0

  prosemirror-dropcursor@1.8.2:
    dependencies:
      prosemirror-state: 1.4.4
      prosemirror-transform: 1.12.0
      prosemirror-view: 1.41.8

  prosemirror-gapcursor@1.4.1:
    dependencies:
      prosemirror-keymap: 1.2.3
      prosemirror-model: 1.25.4
      prosemirror-state: 1.4.4
      prosemirror-view: 1.41.8

  prosemirror-history@1.5.0:
    dependencies:
      prosemirror-state: 1.4.4
      prosemirror-transform: 1.12.0
      prosemirror-view: 1.41.8
      rope-sequence: 1.3.4

  prosemirror-keymap@1.2.3:
    dependencies:
      prosemirror-state: 1.4.4
      w3c-keyname: 2.2.8

  prosemirror-model@1.25.4:
    dependencies:
      orderedmap: 2.1.1

  prosemirror-schema-list@1.5.1:
    dependencies:
      prosemirror-model: 1.25.4
      prosemirror-state: 1.4.4
      prosemirror-transform: 1.12.0

  prosemirror-state@1.4.4:
    dependencies:
      prosemirror-model: 1.25.4
      prosemirror-transform: 1.12.0
      prosemirror-view: 1.41.8

  prosemirror-tables@1.8.5:
    dependencies:
      prosemirror-keymap: 1.2.3
      prosemirror-model: 1.25.4
      prosemirror-state: 1.4.4
      prosemirror-transform: 1.12.0
      prosemirror-view: 1.41.8

  prosemirror-transform@1.12.0:
    dependencies:
      prosemirror-model: 1.25.4

  prosemirror-view@1.41.8:
    dependencies:
      prosemirror-model: 1.25.4
      prosemirror-state: 1.4.4
      prosemirror-transform: 1.12.0

  rolldown@1.0.0-rc.15:
    dependencies:
      '@oxc-project/types': 0.124.0
      '@rolldown/pluginutils': 1.0.0-rc.15
    optionalDependencies:
      '@rolldown/binding-android-arm64': 1.0.0-rc.15
      '@rolldown/binding-darwin-arm64': 1.0.0-rc.15
      '@rolldown/binding-darwin-x64': 1.0.0-rc.15
      '@rolldown/binding-freebsd-x64': 1.0.0-rc.15
      '@rolldown/binding-linux-arm-gnueabihf': 1.0.0-rc.15
      '@rolldown/binding-linux-arm64-gnu': 1.0.0-rc.15
      '@rolldown/binding-linux-arm64-musl': 1.0.0-rc.15
      '@rolldown/binding-linux-ppc64-gnu': 1.0.0-rc.15
      '@rolldown/binding-linux-s390x-gnu': 1.0.0-rc.15
      '@rolldown/binding-linux-x64-gnu': 1.0.0-rc.15
      '@rolldown/binding-linux-x64-musl': 1.0.0-rc.15
      '@rolldown/binding-openharmony-arm64': 1.0.0-rc.15
      '@rolldown/binding-wasm32-wasi': 1.0.0-rc.15
      '@rolldown/binding-win32-arm64-msvc': 1.0.0-rc.15
      '@rolldown/binding-win32-x64-msvc': 1.0.0-rc.15

  rope-sequence@1.3.4: {}

  source-map-js@1.2.1: {}

  tinyglobby@0.2.16:
    dependencies:
      fdir: 6.5.0(picomatch@4.0.4)
      picomatch: 4.0.4

  tslib@2.8.1:
    optional: true

  vite@8.0.8:
    dependencies:
      lightningcss: 1.32.0
      picomatch: 4.0.4
      postcss: 8.5.10
      rolldown: 1.0.0-rc.15
      tinyglobby: 0.2.16
    optionalDependencies:
      fsevents: 2.3.3

  vue@3.5.32:
    dependencies:
      '@vue/compiler-dom': 3.5.32
      '@vue/compiler-sfc': 3.5.32
      '@vue/runtime-dom': 3.5.32
      '@vue/server-renderer': 3.5.32(vue@3.5.32)
      '@vue/shared': 3.5.32

  w3c-keyname@2.2.8: {}
